
Microsoft Visual Studio Solution File, Format Version 12.00
# Visual Studio Version 17
VisualStudioVersion = 17.0.31903.59
MinimumVisualStudioVersion = 10.0.40219.1
Project("{FAE04EC0-301F-11D3-BF4B-00C04F79EFBC}") = "prjFaceApi04", "prjFaceApi04\prjFaceApi04.csproj", "{FAB665BE-1936-4A3B-933A-5FE30E1BD0DA}"
EndProject
Global
	GlobalSection(SolutionConfigurationPlatforms) = preSolution
		Debug|Any CPU = Debug|Any CPU
		Release|Any CPU = Release|Any CPU
	EndGlobalSection
	GlobalSection(ProjectConfigurationPlatforms) = postSolution
		{FAB665BE-1936-4A3B-933A-5FE30E1BD0DA}.Debug|Any CPU.ActiveCfg = Debug|Any CPU
		{FAB665BE-1936-4A3B-933A-5FE30E1BD0DA}.Debug|Any CPU.Build.0 = Debug|Any CPU
		{FAB665BE-1936-4A3B-933A-5FE30E1BD0DA}.Release|Any CPU.ActiveCfg = Release|Any CPU
		{FAB665BE-1936-4A3B-933A-5FE30E1BD0DA}.Release|Any CPU.Build.0 = Release|Any CPU
	EndGlobalSection
	GlobalSection(SolutionProperties) = preSolution
		HideSolutionNode = FALSE
	EndGlobalSection
	GlobalSection(ExtensibilityGlobals) = postSolution
		SolutionGuid = {2CF7B21B-3795-4926-835A-0ADFC0DCE51B}
	EndGlobalSection
EndGlobal
